
Microsoft Visual Studio Solution File, Format Version 12.00
Project("{FAE04EC0-301F-11D3-BF4B-00C04F79EFBC}") = "Quotely.Code", "Quotely.Code\Quotely.Code.csproj", "{552F3030-2B5B-40CB-9D72-8A6349BB720A}"
EndProject
Project("{FAE04EC0-301F-11D3-BF4B-00C04F79EFBC}") = "Quotely.Test", "Quotely.Test\Quotely.Test.csproj", "{DF87CDB4-04C3-4F80-8FB9-FB36A1442077}"
EndProject
Global
	GlobalSection(SolutionConfigurationPlatforms) = preSolution
		Debug|Any CPU = Debug|Any CPU
		Release|Any CPU = Release|Any CPU
	EndGlobalSection
	GlobalSection(ProjectConfigurationPlatforms) = postSolution
		{552F3030-2B5B-40CB-9D72-8A6349BB720A}.Debug|Any CPU.ActiveCfg = Debug|Any CPU
		{552F3030-2B5B-40CB-9D72-8A6349BB720A}.Debug|Any CPU.Build.0 = Debug|Any CPU
		{552F3030-2B5B-40CB-9D72-8A6349BB720A}.Release|Any CPU.ActiveCfg = Release|Any CPU
		{552F3030-2B5B-40CB-9D72-8A6349BB720A}.Release|Any CPU.Build.0 = Release|Any CPU
		{DF87CDB4-04C3-4F80-8FB9-FB36A1442077}.Debug|Any CPU.ActiveCfg = Debug|Any CPU
		{DF87CDB4-04C3-4F80-8FB9-FB36A1442077}.Debug|Any CPU.Build.0 = Debug|Any CPU
		{DF87CDB4-04C3-4F80-8FB9-FB36A1442077}.Release|Any CPU.ActiveCfg = Release|Any CPU
		{DF87CDB4-04C3-4F80-8FB9-FB36A1442077}.Release|Any CPU.Build.0 = Release|Any CPU
	EndGlobalSection
EndGlobal
